github.com/bostontrader/okcommon v0.0.0-20200429235446-4e3fbabac6ed h1:0QN+eAgwTou+r7iw7HmPKlvHoLBOZftxinErhN8hImo=
github.com/bostontrader/okcommon v0.0.0-20200429235446-4e3fbabac6ed/go.mod h1:fha9Ng4sIP6ECUazxex3rtE3Muqd5D4TLlGXDjwPLhU=
github.com/bostontrader/okcommon v0.0.0-20200430223029-3ea7dd42984a h1:udJA+BoyDGIRSp2laJjkZS4ekf374PbtHRbLTG3bTpY=
github.com/bostontrader/okcommon v0.0.0-20200430223029-3ea7dd42984a/go.mod h1:fha9Ng4sIP6ECUazxex3rtE3Muqd5D4TLlGXDjwPLhU=
github.com/bostontrader/okcommon v0.0.0-20200501005845-448b4a8e049a h1:CH8rP/dQETviilQzxrTNacyQGCN6neETre/h1/aDIDo=
github.com/bostontrader/okcommon v0.0.0-20200501005845-448b4a8e049a/go.mod h1:fha9Ng4sIP6ECUazxex3rtE3Muqd5D4TLlGXDjwPLhU=
github.com/bostontrader/okcommon v0.0.0-20200501103649-025d721ad27e h1:YojZTD/O15bvM37LN/PbKvx9o5ruTOg6PaGMPkzQB88=
github.com/bostontrader/okcommon v0.0.0-20200501103649-025d721ad27e/go.mod h1:fha9Ng4sIP6ECUazxex3rtE3Muqd5D4TLlGXDjwPLhU=
github.com/bostontrader/okcommon v0.0.0-20200501224119-16ca216456ab h1:4UaeGc+fZL9j6131LTuyhBuPk4BmSnxqSCb0ktF0ONQ=
github.com/bostontrader/okcommon v0.0.0-20200501224119-16ca216456ab/go.mod h1:fha9Ng4sIP6ECUazxex3rtE3Muqd5D4TLlGXDjwPLhU=
github.com/bostontrader/okcommon v0.0.0-20200502220647-9f99c6719dcd h1:jBEqJ3RcToHACMQv5/buFjR/oDYbC5l9J4GqmglwHtU=
github.com/bostontrader/okcommon v0.0.0-20200502220647-9f99c6719dcd/go.mod h1:fha9Ng4sIP6ECUazxex3rtE3Muqd5D4TLlGXDjwPLhU=
github.com/bostontrader/okcommon v0.0.0-20200502221825-adb7324f4bbe h1:f/aaOrI7Ub2iO069bakTMTTU4cHNwkrZNeAkmmnfCzM=
github.com/bostontrader/okcommon v0.0.0-20200502221825-adb7324f4bbe/go.mod h1:fha9Ng4sIP6ECUazxex3rtE3Muqd5D4TLlGXDjwPLhU=
github.com/bostontrader/okcommon v0.0.0-20200505233454-cbb5f7efc5a5 h1:d5COZEju/P0I0RPrd4T3BGYX/RD0M4zFlY9fcbVyXVw=
github.com/bostontrader/okcommon v0.0.0-20200505233454-cbb5f7efc5a5/go.mod h1:fha9Ng4sIP6ECUazxex3rtE3Muqd5D4TLlGXDjwPLhU=
github.com/bostontrader/okcommon v0.0.0-20200506000235-ff23df19bfaf h1:+HLprL4TIZ1GFGofab84IuhUc1A3zmBrp/hiFbkfSWM=
github.com/bostontrader/okcommon v0.0.0-20200506000235-ff23df19bfaf/go.mod h1:fha9Ng4sIP6ECUazxex3rtE3Muqd5D4TLlGXDjwPLhU=
github.com/bostontrader/okcommon v0.0.0-20200510234536-a48afdd2825d h1:RNDBuDAPqVp/LwfzK40PRzLTtId7R0d4TSIlS/NGC+o=
github.com/bostontrader/okcommon v0.0.0-20200510234536-a48afdd2825d/go.mod h1:fha9Ng4sIP6ECUazxex3rtE3Muqd5D4TLlGXDjwPLhU=
github.com/bostontrader/okcommon v0.0.0-20200511002922-a3aa4fe24e1e h1:G/5IvxMK8aSP9b+cXzgK1m08OskZcr2YpByMwbkTkBA=
github.com/bostontrader/okcommon v0.0.0-20200511002922-a3aa4fe24e1e/go.mod h1:fha9Ng4sIP6ECUazxex3rtE3Muqd5D4TLlGXDjwPLhU=
github.com/bostontrader/okcommon v0.0.0-20200511020613-fdba00663f86 h1:/9QWG0BxOdqhpTVIQd6XFgGu/Kc+B6pSOV/RD6f84gI=
github.com/bostontrader/okcommon v0.0.0-20200511020613-fdba00663f86/go.mod h1:fha9Ng4sIP6ECUazxex3rtE3Muqd5D4TLlGXDjwPLhU=
github.com/bostontrader/okcommon v0.0.0-20200511221231-9029fcae8d1b h1:EEhtN/38DVk+lfmZCqJdN88D/7mZFcatjDT5pY58PoE=
github.com/bostontrader/okcommon v0.0.0-20200511221231-9029fcae8d1b/go.mod h1:fha9Ng4sIP6ECUazxex3rtE3Muqd5D4TLlGXDjwPLhU=
github.com/bostontrader/okcommon v0.0.0-20200511223341-efea3252f3c0 h1:oSbIQS8+nVkAGcNyMFtZf1F9hiCPf09xzOXCznHhggg=
github.com/bostontrader/okcommon v0.0.0-20200511223341-efea3252f3c0/go.mod h1:fha9Ng4sIP6ECUazxex3rtE3Muqd5D4TLlGXDjwPLhU=
github.com/bostontrader/okcommon v0.0.0-20200513221622-390b69acc51a h1:N63iqDpby8E4fJPiymhu6YHRSFHiBUJgI2KK3j4BKTQ=
github.com/bostontrader/okcommon v0.0.0-20200513221622-390b69acc51a/go.mod h1:fha9Ng4sIP6ECUazxex3rtE3Muqd5D4TLlGXDjwPLhU=
