github.com/bostontrader/okcommon v0.0.0-20200429235446-4e3fbabac6ed h1:0QN+eAgwTou+r7iw7HmPKlvHoLBOZftxinErhN8hImo=
github.com/bostontrader/okcommon v0.0.0-20200429235446-4e3fbabac6ed/go.mod h1:fha9Ng4sIP6ECUazxex3rtE3Muqd5D4TLlGXDjwPLhU=
github.com/bostontrader/okcommon v0.0.0-20200430223029-3ea7dd42984a h1:udJA+BoyDGIRSp2laJjkZS4ekf374PbtHRbLTG3bTpY=
github.com/bostontrader/okcommon v0.0.0-20200430223029-3ea7dd42984a/go.mod h1:fha9Ng4sIP6ECUazxex3rtE3Muqd5D4TLlGXDjwPLhU=
github.com/bostontrader/okcommon v0.0.0-20200501005845-448b4a8e049a h1:CH8rP/dQETviilQzxrTNacyQGCN6neETre/h1/aDIDo=
github.com/bostontrader/okcommon v0.0.0-20200501005845-448b4a8e049a/go.mod h1:fha9Ng4sIP6ECUazxex3rtE3Muqd5D4TLlGXDjwPLhU=
github.com/bostontrader/okcommon v0.0.0-20200501103649-025d721ad27e h1:YojZTD/O15bvM37LN/PbKvx9o5ruTOg6PaGMPkzQB88=
github.com/bostontrader/okcommon v0.0.0-20200501103649-025d721ad27e/go.mod h1:fha9Ng4sIP6ECUazxex3rtE3Muqd5D4TLlGXDjwPLhU=
github.com/bostontrader/okcommon v0.0.0-20200501224119-16ca216456ab h1:4UaeGc+fZL9j6131LTuyhBuPk4BmSnxqSCb0ktF0ONQ=
github.com/bostontrader/okcommon v0.0.0-20200501224119-16ca216456ab/go.mod h1:fha9Ng4sIP6ECUazxex3rtE3Muqd5D4TLlGXDjwPLhU=
